<?xml version="1.0" encoding="UTF-8" standalone="yes" ?>
<CodeBlocks_project_file>
	<FileVersion major="1" minor="6" />
	<Project>
		<Option title="Kiaro Game Engine" />
		<Option pch_mode="2" />
		<Option compiler="gcc" />
		<Option virtualFolders="Resources/;Source Code/;Source Code/Support/;Include Files/;Include Files/Support/;Include Files/CES/;Source Code/CES/;Include Files/Network/;Source Code/Network/;Include Files/Dependencies/;Include Files/Dependencies/ENet/;Include Files/Dependencies/PhysFS/;Include Files/Dependencies/Irrlicht/;Include Files/Tests/;" />
		<Build>
			<Target title="Debug Linux x64">
				<Option output="bin/KGE_d" prefix_auto="1" extension_auto="1" />
				<Option object_output="obj/Debug/" />
				<Option type="1" />
				<Option compiler="gcc" />
				<Compiler>
					<Add option="-g" />
					<Add option="-m64" />
				</Compiler>
			</Target>
			<Target title="Release Linux x64">
				<Option output="bin/KGE" prefix_auto="1" extension_auto="1" />
				<Option object_output="obj/Release/" />
				<Option type="0" />
				<Option compiler="gcc" />
				<Compiler>
					<Add option="-fexpensive-optimizations" />
					<Add option="-O3" />
					<Add option="-m64" />
				</Compiler>
				<Linker>
					<Add option="-s" />
					<Add library="lib/GNU64/Release/libphysfs.a" />
					<Add library="lib/GNU64/Release/libenet.a" />
					<Add library="lib/GNU64/Release/libboost_system.a" />
					<Add library="lib/GNU64/Release/libboost_thread.a" />
					<Add library="lib/GNU64/Release/libboost_regex.a" />
					<Add library="lib/GNU64/Release/libIrrlicht.a" />
					<Add library="pthread" />
					<Add library="z" />
					<Add library="X11" />
					<Add library="Xrandr" />
					<Add library="Xext" />
					<Add library="GLU" />
					<Add library="GL" />
					<Add library="Xxf86vm" />
				</Linker>
			</Target>
		</Build>
		<Compiler>
			<Add option="-std=c++11" />
			<Add option="-Wall" />
			<Add option="--std=c++11" />
			<Add directory="include" />
			<Add directory="dep" />
		</Compiler>
		<Unit filename="dep/enet/callbacks.h">
			<Option virtualFolder="Include Files/Dependencies/ENet/" />
		</Unit>
		<Unit filename="dep/enet/enet.h">
			<Option virtualFolder="Include Files/Dependencies/ENet/" />
		</Unit>
		<Unit filename="dep/enet/list.h">
			<Option virtualFolder="Include Files/Dependencies/ENet/" />
		</Unit>
		<Unit filename="dep/enet/protocol.h">
			<Option virtualFolder="Include Files/Dependencies/ENet/" />
		</Unit>
		<Unit filename="dep/enet/time.h">
			<Option virtualFolder="Include Files/Dependencies/ENet/" />
		</Unit>
		<Unit filename="dep/enet/types.h">
			<Option virtualFolder="Include Files/Dependencies/ENet/" />
		</Unit>
		<Unit filename="dep/enet/unix.h">
			<Option virtualFolder="Include Files/Dependencies/ENet/" />
		</Unit>
		<Unit filename="dep/enet/utility.h">
			<Option virtualFolder="Include Files/Dependencies/ENet/" />
		</Unit>
		<Unit filename="dep/enet/win32.h">
			<Option virtualFolder="Include Files/Dependencies/ENet/" />
		</Unit>
		<Unit filename="dep/irrlicht/CDynamicMeshBuffer.h">
			<Option virtualFolder="Include Files/Dependencies/Irrlicht/" />
		</Unit>
		<Unit filename="dep/irrlicht/CIndexBuffer.h">
			<Option virtualFolder="Include Files/Dependencies/Irrlicht/" />
		</Unit>
		<Unit filename="dep/irrlicht/CMeshBuffer.h">
			<Option virtualFolder="Include Files/Dependencies/Irrlicht/" />
		</Unit>
		<Unit filename="dep/irrlicht/CVertexBuffer.h">
			<Option virtualFolder="Include Files/Dependencies/Irrlicht/" />
		</Unit>
		<Unit filename="dep/irrlicht/EAttributes.h">
			<Option virtualFolder="Include Files/Dependencies/Irrlicht/" />
		</Unit>
		<Unit filename="dep/irrlicht/ECullingTypes.h">
			<Option virtualFolder="Include Files/Dependencies/Irrlicht/" />
		</Unit>
		<Unit filename="dep/irrlicht/EDebugSceneTypes.h">
			<Option virtualFolder="Include Files/Dependencies/Irrlicht/" />
		</Unit>
		<Unit filename="dep/irrlicht/EDeviceTypes.h">
			<Option virtualFolder="Include Files/Dependencies/Irrlicht/" />
		</Unit>
		<Unit filename="dep/irrlicht/EDriverFeatures.h">
			<Option virtualFolder="Include Files/Dependencies/Irrlicht/" />
		</Unit>
		<Unit filename="dep/irrlicht/EDriverTypes.h">
			<Option virtualFolder="Include Files/Dependencies/Irrlicht/" />
		</Unit>
		<Unit filename="dep/irrlicht/EGUIAlignment.h">
			<Option virtualFolder="Include Files/Dependencies/Irrlicht/" />
		</Unit>
		<Unit filename="dep/irrlicht/EGUIElementTypes.h">
			<Option virtualFolder="Include Files/Dependencies/Irrlicht/" />
		</Unit>
		<Unit filename="dep/irrlicht/EHardwareBufferFlags.h">
			<Option virtualFolder="Include Files/Dependencies/Irrlicht/" />
		</Unit>
		<Unit filename="dep/irrlicht/EMaterialFlags.h">
			<Option virtualFolder="Include Files/Dependencies/Irrlicht/" />
		</Unit>
		<Unit filename="dep/irrlicht/EMaterialTypes.h">
			<Option virtualFolder="Include Files/Dependencies/Irrlicht/" />
		</Unit>
		<Unit filename="dep/irrlicht/EMeshWriterEnums.h">
			<Option virtualFolder="Include Files/Dependencies/Irrlicht/" />
		</Unit>
		<Unit filename="dep/irrlicht/EMessageBoxFlags.h">
			<Option virtualFolder="Include Files/Dependencies/Irrlicht/" />
		</Unit>
		<Unit filename="dep/irrlicht/EPrimitiveTypes.h">
			<Option virtualFolder="Include Files/Dependencies/Irrlicht/" />
		</Unit>
		<Unit filename="dep/irrlicht/ESceneNodeAnimatorTypes.h">
			<Option virtualFolder="Include Files/Dependencies/Irrlicht/" />
		</Unit>
		<Unit filename="dep/irrlicht/ESceneNodeTypes.h">
			<Option virtualFolder="Include Files/Dependencies/Irrlicht/" />
		</Unit>
		<Unit filename="dep/irrlicht/EShaderTypes.h">
			<Option virtualFolder="Include Files/Dependencies/Irrlicht/" />
		</Unit>
		<Unit filename="dep/irrlicht/ETerrainElements.h">
			<Option virtualFolder="Include Files/Dependencies/Irrlicht/" />
		</Unit>
		<Unit filename="dep/irrlicht/IAnimatedMesh.h">
			<Option virtualFolder="Include Files/Dependencies/Irrlicht/" />
		</Unit>
		<Unit filename="dep/irrlicht/IAnimatedMeshMD2.h">
			<Option virtualFolder="Include Files/Dependencies/Irrlicht/" />
		</Unit>
		<Unit filename="dep/irrlicht/IAnimatedMeshMD3.h">
			<Option virtualFolder="Include Files/Dependencies/Irrlicht/" />
		</Unit>
		<Unit filename="dep/irrlicht/IAnimatedMeshSceneNode.h">
			<Option virtualFolder="Include Files/Dependencies/Irrlicht/" />
		</Unit>
		<Unit filename="dep/irrlicht/IAttributeExchangingObject.h">
			<Option virtualFolder="Include Files/Dependencies/Irrlicht/" />
		</Unit>
		<Unit filename="dep/irrlicht/IAttributes.h">
			<Option virtualFolder="Include Files/Dependencies/Irrlicht/" />
		</Unit>
		<Unit filename="dep/irrlicht/IBillboardSceneNode.h">
			<Option virtualFolder="Include Files/Dependencies/Irrlicht/" />
		</Unit>
		<Unit filename="dep/irrlicht/IBillboardTextSceneNode.h">
			<Option virtualFolder="Include Files/Dependencies/Irrlicht/" />
		</Unit>
		<Unit filename="dep/irrlicht/IBoneSceneNode.h">
			<Option virtualFolder="Include Files/Dependencies/Irrlicht/" />
		</Unit>
		<Unit filename="dep/irrlicht/ICameraSceneNode.h">
			<Option virtualFolder="Include Files/Dependencies/Irrlicht/" />
		</Unit>
		<Unit filename="dep/irrlicht/IColladaMeshWriter.h">
			<Option virtualFolder="Include Files/Dependencies/Irrlicht/" />
		</Unit>
		<Unit filename="dep/irrlicht/ICursorControl.h">
			<Option virtualFolder="Include Files/Dependencies/Irrlicht/" />
		</Unit>
		<Unit filename="dep/irrlicht/IDummyTransformationSceneNode.h">
			<Option virtualFolder="Include Files/Dependencies/Irrlicht/" />
		</Unit>
		<Unit filename="dep/irrlicht/IDynamicMeshBuffer.h">
			<Option virtualFolder="Include Files/Dependencies/Irrlicht/" />
		</Unit>
		<Unit filename="dep/irrlicht/IEventReceiver.h">
			<Option virtualFolder="Include Files/Dependencies/Irrlicht/" />
		</Unit>
		<Unit filename="dep/irrlicht/IFileArchive.h">
			<Option virtualFolder="Include Files/Dependencies/Irrlicht/" />
		</Unit>
		<Unit filename="dep/irrlicht/IFileList.h">
			<Option virtualFolder="Include Files/Dependencies/Irrlicht/" />
		</Unit>
		<Unit filename="dep/irrlicht/IFileSystem.h">
			<Option virtualFolder="Include Files/Dependencies/Irrlicht/" />
		</Unit>
		<Unit filename="dep/irrlicht/IGPUProgrammingServices.h">
			<Option virtualFolder="Include Files/Dependencies/Irrlicht/" />
		</Unit>
		<Unit filename="dep/irrlicht/IGUIButton.h">
			<Option virtualFolder="Include Files/Dependencies/Irrlicht/" />
		</Unit>
		<Unit filename="dep/irrlicht/IGUICheckBox.h">
			<Option virtualFolder="Include Files/Dependencies/Irrlicht/" />
		</Unit>
		<Unit filename="dep/irrlicht/IGUIColorSelectDialog.h">
			<Option virtualFolder="Include Files/Dependencies/Irrlicht/" />
		</Unit>
		<Unit filename="dep/irrlicht/IGUIComboBox.h">
			<Option virtualFolder="Include Files/Dependencies/Irrlicht/" />
		</Unit>
		<Unit filename="dep/irrlicht/IGUIContextMenu.h">
			<Option virtualFolder="Include Files/Dependencies/Irrlicht/" />
		</Unit>
		<Unit filename="dep/irrlicht/IGUIEditBox.h">
			<Option virtualFolder="Include Files/Dependencies/Irrlicht/" />
		</Unit>
		<Unit filename="dep/irrlicht/IGUIElement.h">
			<Option virtualFolder="Include Files/Dependencies/Irrlicht/" />
		</Unit>
		<Unit filename="dep/irrlicht/IGUIElementFactory.h">
			<Option virtualFolder="Include Files/Dependencies/Irrlicht/" />
		</Unit>
		<Unit filename="dep/irrlicht/IGUIEnvironment.h">
			<Option virtualFolder="Include Files/Dependencies/Irrlicht/" />
		</Unit>
		<Unit filename="dep/irrlicht/IGUIFileOpenDialog.h">
			<Option virtualFolder="Include Files/Dependencies/Irrlicht/" />
		</Unit>
		<Unit filename="dep/irrlicht/IGUIFont.h">
			<Option virtualFolder="Include Files/Dependencies/Irrlicht/" />
		</Unit>
		<Unit filename="dep/irrlicht/IGUIFontBitmap.h">
			<Option virtualFolder="Include Files/Dependencies/Irrlicht/" />
		</Unit>
		<Unit filename="dep/irrlicht/IGUIImage.h">
			<Option virtualFolder="Include Files/Dependencies/Irrlicht/" />
		</Unit>
		<Unit filename="dep/irrlicht/IGUIImageList.h">
			<Option virtualFolder="Include Files/Dependencies/Irrlicht/" />
		</Unit>
		<Unit filename="dep/irrlicht/IGUIInOutFader.h">
			<Option virtualFolder="Include Files/Dependencies/Irrlicht/" />
		</Unit>
		<Unit filename="dep/irrlicht/IGUIListBox.h">
			<Option virtualFolder="Include Files/Dependencies/Irrlicht/" />
		</Unit>
		<Unit filename="dep/irrlicht/IGUIMeshViewer.h">
			<Option virtualFolder="Include Files/Dependencies/Irrlicht/" />
		</Unit>
		<Unit filename="dep/irrlicht/IGUIScrollBar.h">
			<Option virtualFolder="Include Files/Dependencies/Irrlicht/" />
		</Unit>
		<Unit filename="dep/irrlicht/IGUISkin.h">
			<Option virtualFolder="Include Files/Dependencies/Irrlicht/" />
		</Unit>
		<Unit filename="dep/irrlicht/IGUISpinBox.h">
			<Option virtualFolder="Include Files/Dependencies/Irrlicht/" />
		</Unit>
		<Unit filename="dep/irrlicht/IGUISpriteBank.h">
			<Option virtualFolder="Include Files/Dependencies/Irrlicht/" />
		</Unit>
		<Unit filename="dep/irrlicht/IGUIStaticText.h">
			<Option virtualFolder="Include Files/Dependencies/Irrlicht/" />
		</Unit>
		<Unit filename="dep/irrlicht/IGUITabControl.h">
			<Option virtualFolder="Include Files/Dependencies/Irrlicht/" />
		</Unit>
		<Unit filename="dep/irrlicht/IGUITable.h">
			<Option virtualFolder="Include Files/Dependencies/Irrlicht/" />
		</Unit>
		<Unit filename="dep/irrlicht/IGUIToolbar.h">
			<Option virtualFolder="Include Files/Dependencies/Irrlicht/" />
		</Unit>
		<Unit filename="dep/irrlicht/IGUITreeView.h">
			<Option virtualFolder="Include Files/Dependencies/Irrlicht/" />
		</Unit>
		<Unit filename="dep/irrlicht/IGUIWindow.h">
			<Option virtualFolder="Include Files/Dependencies/Irrlicht/" />
		</Unit>
		<Unit filename="dep/irrlicht/IGeometryCreator.h">
			<Option virtualFolder="Include Files/Dependencies/Irrlicht/" />
		</Unit>
		<Unit filename="dep/irrlicht/IImage.h">
			<Option virtualFolder="Include Files/Dependencies/Irrlicht/" />
		</Unit>
		<Unit filename="dep/irrlicht/IImageLoader.h">
			<Option virtualFolder="Include Files/Dependencies/Irrlicht/" />
		</Unit>
		<Unit filename="dep/irrlicht/IImageWriter.h">
			<Option virtualFolder="Include Files/Dependencies/Irrlicht/" />
		</Unit>
		<Unit filename="dep/irrlicht/IIndexBuffer.h">
			<Option virtualFolder="Include Files/Dependencies/Irrlicht/" />
		</Unit>
		<Unit filename="dep/irrlicht/ILightManager.h">
			<Option virtualFolder="Include Files/Dependencies/Irrlicht/" />
		</Unit>
		<Unit filename="dep/irrlicht/ILightSceneNode.h">
			<Option virtualFolder="Include Files/Dependencies/Irrlicht/" />
		</Unit>
		<Unit filename="dep/irrlicht/ILogger.h">
			<Option virtualFolder="Include Files/Dependencies/Irrlicht/" />
		</Unit>
		<Unit filename="dep/irrlicht/IMaterialRenderer.h">
			<Option virtualFolder="Include Files/Dependencies/Irrlicht/" />
		</Unit>
		<Unit filename="dep/irrlicht/IMaterialRendererServices.h">
			<Option virtualFolder="Include Files/Dependencies/Irrlicht/" />
		</Unit>
		<Unit filename="dep/irrlicht/IMesh.h">
			<Option virtualFolder="Include Files/Dependencies/Irrlicht/" />
		</Unit>
		<Unit filename="dep/irrlicht/IMeshBuffer.h">
			<Option virtualFolder="Include Files/Dependencies/Irrlicht/" />
		</Unit>
		<Unit filename="dep/irrlicht/IMeshCache.h">
			<Option virtualFolder="Include Files/Dependencies/Irrlicht/" />
		</Unit>
		<Unit filename="dep/irrlicht/IMeshLoader.h">
			<Option virtualFolder="Include Files/Dependencies/Irrlicht/" />
		</Unit>
		<Unit filename="dep/irrlicht/IMeshManipulator.h">
			<Option virtualFolder="Include Files/Dependencies/Irrlicht/" />
		</Unit>
		<Unit filename="dep/irrlicht/IMeshSceneNode.h">
			<Option virtualFolder="Include Files/Dependencies/Irrlicht/" />
		</Unit>
		<Unit filename="dep/irrlicht/IMeshWriter.h">
			<Option virtualFolder="Include Files/Dependencies/Irrlicht/" />
		</Unit>
		<Unit filename="dep/irrlicht/IMetaTriangleSelector.h">
			<Option virtualFolder="Include Files/Dependencies/Irrlicht/" />
		</Unit>
		<Unit filename="dep/irrlicht/IOSOperator.h">
			<Option virtualFolder="Include Files/Dependencies/Irrlicht/" />
		</Unit>
		<Unit filename="dep/irrlicht/IParticleAffector.h">
			<Option virtualFolder="Include Files/Dependencies/Irrlicht/" />
		</Unit>
		<Unit filename="dep/irrlicht/IParticleAnimatedMeshSceneNodeEmitter.h">
			<Option virtualFolder="Include Files/Dependencies/Irrlicht/" />
		</Unit>
		<Unit filename="dep/irrlicht/IParticleAttractionAffector.h">
			<Option virtualFolder="Include Files/Dependencies/Irrlicht/" />
		</Unit>
		<Unit filename="dep/irrlicht/IParticleBoxEmitter.h">
			<Option virtualFolder="Include Files/Dependencies/Irrlicht/" />
		</Unit>
		<Unit filename="dep/irrlicht/IParticleCylinderEmitter.h">
			<Option virtualFolder="Include Files/Dependencies/Irrlicht/" />
		</Unit>
		<Unit filename="dep/irrlicht/IParticleEmitter.h">
			<Option virtualFolder="Include Files/Dependencies/Irrlicht/" />
		</Unit>
		<Unit filename="dep/irrlicht/IParticleFadeOutAffector.h">
			<Option virtualFolder="Include Files/Dependencies/Irrlicht/" />
		</Unit>
		<Unit filename="dep/irrlicht/IParticleGravityAffector.h">
			<Option virtualFolder="Include Files/Dependencies/Irrlicht/" />
		</Unit>
		<Unit filename="dep/irrlicht/IParticleMeshEmitter.h">
			<Option virtualFolder="Include Files/Dependencies/Irrlicht/" />
		</Unit>
		<Unit filename="dep/irrlicht/IParticleRingEmitter.h">
			<Option virtualFolder="Include Files/Dependencies/Irrlicht/" />
		</Unit>
		<Unit filename="dep/irrlicht/IParticleRotationAffector.h">
			<Option virtualFolder="Include Files/Dependencies/Irrlicht/" />
		</Unit>
		<Unit filename="dep/irrlicht/IParticleSphereEmitter.h">
			<Option virtualFolder="Include Files/Dependencies/Irrlicht/" />
		</Unit>
		<Unit filename="dep/irrlicht/IParticleSystemSceneNode.h">
			<Option virtualFolder="Include Files/Dependencies/Irrlicht/" />
		</Unit>
		<Unit filename="dep/irrlicht/IQ3LevelMesh.h">
			<Option virtualFolder="Include Files/Dependencies/Irrlicht/" />
		</Unit>
		<Unit filename="dep/irrlicht/IQ3Shader.h">
			<Option virtualFolder="Include Files/Dependencies/Irrlicht/" />
		</Unit>
		<Unit filename="dep/irrlicht/IRandomizer.h">
			<Option virtualFolder="Include Files/Dependencies/Irrlicht/" />
		</Unit>
		<Unit filename="dep/irrlicht/IReadFile.h">
			<Option virtualFolder="Include Files/Dependencies/Irrlicht/" />
		</Unit>
		<Unit filename="dep/irrlicht/IReferenceCounted.h">
			<Option virtualFolder="Include Files/Dependencies/Irrlicht/" />
		</Unit>
		<Unit filename="dep/irrlicht/ISceneCollisionManager.h">
			<Option virtualFolder="Include Files/Dependencies/Irrlicht/" />
		</Unit>
		<Unit filename="dep/irrlicht/ISceneLoader.h">
			<Option virtualFolder="Include Files/Dependencies/Irrlicht/" />
		</Unit>
		<Unit filename="dep/irrlicht/ISceneManager.h">
			<Option virtualFolder="Include Files/Dependencies/Irrlicht/" />
		</Unit>
		<Unit filename="dep/irrlicht/ISceneNode.h">
			<Option virtualFolder="Include Files/Dependencies/Irrlicht/" />
		</Unit>
		<Unit filename="dep/irrlicht/ISceneNodeAnimator.h">
			<Option virtualFolder="Include Files/Dependencies/Irrlicht/" />
		</Unit>
		<Unit filename="dep/irrlicht/ISceneNodeAnimatorCameraFPS.h">
			<Option virtualFolder="Include Files/Dependencies/Irrlicht/" />
		</Unit>
		<Unit filename="dep/irrlicht/ISceneNodeAnimatorCameraMaya.h">
			<Option virtualFolder="Include Files/Dependencies/Irrlicht/" />
		</Unit>
		<Unit filename="dep/irrlicht/ISceneNodeAnimatorCollisionResponse.h">
			<Option virtualFolder="Include Files/Dependencies/Irrlicht/" />
		</Unit>
		<Unit filename="dep/irrlicht/ISceneNodeAnimatorFactory.h">
			<Option virtualFolder="Include Files/Dependencies/Irrlicht/" />
		</Unit>
		<Unit filename="dep/irrlicht/ISceneNodeFactory.h">
			<Option virtualFolder="Include Files/Dependencies/Irrlicht/" />
		</Unit>
		<Unit filename="dep/irrlicht/ISceneUserDataSerializer.h">
			<Option virtualFolder="Include Files/Dependencies/Irrlicht/" />
		</Unit>
		<Unit filename="dep/irrlicht/IShaderConstantSetCallBack.h">
			<Option virtualFolder="Include Files/Dependencies/Irrlicht/" />
		</Unit>
		<Unit filename="dep/irrlicht/IShadowVolumeSceneNode.h">
			<Option virtualFolder="Include Files/Dependencies/Irrlicht/" />
		</Unit>
		<Unit filename="dep/irrlicht/ISkinnedMesh.h">
			<Option virtualFolder="Include Files/Dependencies/Irrlicht/" />
		</Unit>
		<Unit filename="dep/irrlicht/ITerrainSceneNode.h">
			<Option virtualFolder="Include Files/Dependencies/Irrlicht/" />
		</Unit>
		<Unit filename="dep/irrlicht/ITextSceneNode.h">
			<Option virtualFolder="Include Files/Dependencies/Irrlicht/" />
		</Unit>
		<Unit filename="dep/irrlicht/ITexture.h">
			<Option virtualFolder="Include Files/Dependencies/Irrlicht/" />
		</Unit>
		<Unit filename="dep/irrlicht/ITimer.h">
			<Option virtualFolder="Include Files/Dependencies/Irrlicht/" />
		</Unit>
		<Unit filename="dep/irrlicht/ITriangleSelector.h">
			<Option virtualFolder="Include Files/Dependencies/Irrlicht/" />
		</Unit>
		<Unit filename="dep/irrlicht/IVertexBuffer.h">
			<Option virtualFolder="Include Files/Dependencies/Irrlicht/" />
		</Unit>
		<Unit filename="dep/irrlicht/IVideoDriver.h">
			<Option virtualFolder="Include Files/Dependencies/Irrlicht/" />
		</Unit>
		<Unit filename="dep/irrlicht/IVideoModeList.h">
			<Option virtualFolder="Include Files/Dependencies/Irrlicht/" />
		</Unit>
		<Unit filename="dep/irrlicht/IVolumeLightSceneNode.h">
			<Option virtualFolder="Include Files/Dependencies/Irrlicht/" />
		</Unit>
		<Unit filename="dep/irrlicht/IWriteFile.h">
			<Option virtualFolder="Include Files/Dependencies/Irrlicht/" />
		</Unit>
		<Unit filename="dep/irrlicht/IXMLReader.h">
			<Option virtualFolder="Include Files/Dependencies/Irrlicht/" />
		</Unit>
		<Unit filename="dep/irrlicht/IXMLWriter.h">
			<Option virtualFolder="Include Files/Dependencies/Irrlicht/" />
		</Unit>
		<Unit filename="dep/irrlicht/IrrCompileConfig.h">
			<Option virtualFolder="Include Files/Dependencies/Irrlicht/" />
		</Unit>
		<Unit filename="dep/irrlicht/IrrlichtDevice.h">
			<Option virtualFolder="Include Files/Dependencies/Irrlicht/" />
		</Unit>
		<Unit filename="dep/irrlicht/Keycodes.h">
			<Option virtualFolder="Include Files/Dependencies/Irrlicht/" />
		</Unit>
		<Unit filename="dep/irrlicht/S3DVertex.h">
			<Option virtualFolder="Include Files/Dependencies/Irrlicht/" />
		</Unit>
		<Unit filename="dep/irrlicht/SAnimatedMesh.h">
			<Option virtualFolder="Include Files/Dependencies/Irrlicht/" />
		</Unit>
		<Unit filename="dep/irrlicht/SColor.h">
			<Option virtualFolder="Include Files/Dependencies/Irrlicht/" />
		</Unit>
		<Unit filename="dep/irrlicht/SExposedVideoData.h">
			<Option virtualFolder="Include Files/Dependencies/Irrlicht/" />
		</Unit>
		<Unit filename="dep/irrlicht/SIrrCreationParameters.h">
			<Option virtualFolder="Include Files/Dependencies/Irrlicht/" />
		</Unit>
		<Unit filename="dep/irrlicht/SKeyMap.h">
			<Option virtualFolder="Include Files/Dependencies/Irrlicht/" />
		</Unit>
		<Unit filename="dep/irrlicht/SLight.h">
			<Option virtualFolder="Include Files/Dependencies/Irrlicht/" />
		</Unit>
		<Unit filename="dep/irrlicht/SMaterial.h">
			<Option virtualFolder="Include Files/Dependencies/Irrlicht/" />
		</Unit>
		<Unit filename="dep/irrlicht/SMaterialLayer.h">
			<Option virtualFolder="Include Files/Dependencies/Irrlicht/" />
		</Unit>
		<Unit filename="dep/irrlicht/SMesh.h">
			<Option virtualFolder="Include Files/Dependencies/Irrlicht/" />
		</Unit>
		<Unit filename="dep/irrlicht/SMeshBuffer.h">
			<Option virtualFolder="Include Files/Dependencies/Irrlicht/" />
		</Unit>
		<Unit filename="dep/irrlicht/SMeshBufferLightMap.h">
			<Option virtualFolder="Include Files/Dependencies/Irrlicht/" />
		</Unit>
		<Unit filename="dep/irrlicht/SMeshBufferTangents.h">
			<Option virtualFolder="Include Files/Dependencies/Irrlicht/" />
		</Unit>
		<Unit filename="dep/irrlicht/SParticle.h">
			<Option virtualFolder="Include Files/Dependencies/Irrlicht/" />
		</Unit>
		<Unit filename="dep/irrlicht/SSharedMeshBuffer.h">
			<Option virtualFolder="Include Files/Dependencies/Irrlicht/" />
		</Unit>
		<Unit filename="dep/irrlicht/SSkinMeshBuffer.h">
			<Option virtualFolder="Include Files/Dependencies/Irrlicht/" />
		</Unit>
		<Unit filename="dep/irrlicht/SVertexIndex.h">
			<Option virtualFolder="Include Files/Dependencies/Irrlicht/" />
		</Unit>
		<Unit filename="dep/irrlicht/SVertexManipulator.h">
			<Option virtualFolder="Include Files/Dependencies/Irrlicht/" />
		</Unit>
		<Unit filename="dep/irrlicht/SViewFrustum.h">
			<Option virtualFolder="Include Files/Dependencies/Irrlicht/" />
		</Unit>
		<Unit filename="dep/irrlicht/SceneParameters.h">
			<Option virtualFolder="Include Files/Dependencies/Irrlicht/" />
		</Unit>
		<Unit filename="dep/irrlicht/aabbox3d.h">
			<Option virtualFolder="Include Files/Dependencies/Irrlicht/" />
		</Unit>
		<Unit filename="dep/irrlicht/coreutil.h">
			<Option virtualFolder="Include Files/Dependencies/Irrlicht/" />
		</Unit>
		<Unit filename="dep/irrlicht/dimension2d.h">
			<Option virtualFolder="Include Files/Dependencies/Irrlicht/" />
		</Unit>
		<Unit filename="dep/irrlicht/driverChoice.h">
			<Option virtualFolder="Include Files/Dependencies/Irrlicht/" />
		</Unit>
		<Unit filename="dep/irrlicht/fast_atof.h">
			<Option virtualFolder="Include Files/Dependencies/Irrlicht/" />
		</Unit>
		<Unit filename="dep/irrlicht/heapsort.h">
			<Option virtualFolder="Include Files/Dependencies/Irrlicht/" />
		</Unit>
		<Unit filename="dep/irrlicht/irrAllocator.h">
			<Option virtualFolder="Include Files/Dependencies/Irrlicht/" />
		</Unit>
		<Unit filename="dep/irrlicht/irrArray.h">
			<Option virtualFolder="Include Files/Dependencies/Irrlicht/" />
		</Unit>
		<Unit filename="dep/irrlicht/irrList.h">
			<Option virtualFolder="Include Files/Dependencies/Irrlicht/" />
		</Unit>
		<Unit filename="dep/irrlicht/irrMap.h">
			<Option virtualFolder="Include Files/Dependencies/Irrlicht/" />
		</Unit>
		<Unit filename="dep/irrlicht/irrMath.h">
			<Option virtualFolder="Include Files/Dependencies/Irrlicht/" />
		</Unit>
		<Unit filename="dep/irrlicht/irrString.h">
			<Option virtualFolder="Include Files/Dependencies/Irrlicht/" />
		</Unit>
		<Unit filename="dep/irrlicht/irrTypes.h">
			<Option virtualFolder="Include Files/Dependencies/Irrlicht/" />
		</Unit>
		<Unit filename="dep/irrlicht/irrXML.h">
			<Option virtualFolder="Include Files/Dependencies/Irrlicht/" />
		</Unit>
		<Unit filename="dep/irrlicht/irrlicht.h">
			<Option virtualFolder="Include Files/Dependencies/Irrlicht/" />
		</Unit>
		<Unit filename="dep/irrlicht/irrpack.h">
			<Option virtualFolder="Include Files/Dependencies/Irrlicht/" />
		</Unit>
		<Unit filename="dep/irrlicht/irrunpack.h">
			<Option virtualFolder="Include Files/Dependencies/Irrlicht/" />
		</Unit>
		<Unit filename="dep/irrlicht/line2d.h">
			<Option virtualFolder="Include Files/Dependencies/Irrlicht/" />
		</Unit>
		<Unit filename="dep/irrlicht/line3d.h">
			<Option virtualFolder="Include Files/Dependencies/Irrlicht/" />
		</Unit>
		<Unit filename="dep/irrlicht/matrix4.h">
			<Option virtualFolder="Include Files/Dependencies/Irrlicht/" />
		</Unit>
		<Unit filename="dep/irrlicht/path.h">
			<Option virtualFolder="Include Files/Dependencies/Irrlicht/" />
		</Unit>
		<Unit filename="dep/irrlicht/plane3d.h">
			<Option virtualFolder="Include Files/Dependencies/Irrlicht/" />
		</Unit>
		<Unit filename="dep/irrlicht/position2d.h">
			<Option virtualFolder="Include Files/Dependencies/Irrlicht/" />
		</Unit>
		<Unit filename="dep/irrlicht/quaternion.h">
			<Option virtualFolder="Include Files/Dependencies/Irrlicht/" />
		</Unit>
		<Unit filename="dep/irrlicht/rect.h">
			<Option virtualFolder="Include Files/Dependencies/Irrlicht/" />
		</Unit>
		<Unit filename="dep/irrlicht/triangle3d.h">
			<Option virtualFolder="Include Files/Dependencies/Irrlicht/" />
		</Unit>
		<Unit filename="dep/irrlicht/vector2d.h">
			<Option virtualFolder="Include Files/Dependencies/Irrlicht/" />
		</Unit>
		<Unit filename="dep/irrlicht/vector3d.h">
			<Option virtualFolder="Include Files/Dependencies/Irrlicht/" />
		</Unit>
		<Unit filename="dep/physfs/physfs.h">
			<Option virtualFolder="Include Files/Dependencies/PhysFS/" />
		</Unit>
		<Unit filename="dep/physfs/physfs_casefolding.h">
			<Option virtualFolder="Include Files/Dependencies/PhysFS/" />
		</Unit>
		<Unit filename="dep/physfs/physfs_internal.h">
			<Option virtualFolder="Include Files/Dependencies/PhysFS/" />
		</Unit>
		<Unit filename="dep/physfs/physfs_platforms.h">
			<Option virtualFolder="Include Files/Dependencies/PhysFS/" />
		</Unit>
		<Unit filename="include/EngineCommon.h">
			<Option virtualFolder="Include Files/" />
		</Unit>
		<Unit filename="include/EngineConfig.h">
			<Option virtualFolder="Include Files/" />
		</Unit>
		<Unit filename="include/EngineInstance.h">
			<Option virtualFolder="Include Files/" />
		</Unit>
		<Unit filename="include/EngineLogging.h">
			<Option virtualFolder="Include Files/" />
		</Unit>
		<Unit filename="include/ces/ComponentBase.h">
			<Option virtualFolder="Include Files/CES/" />
		</Unit>
		<Unit filename="include/ces/ComponentModelRender.h">
			<Option virtualFolder="Include Files/CES/" />
		</Unit>
		<Unit filename="include/ces/Entity.h">
			<Option virtualFolder="Include Files/CES/" />
		</Unit>
		<Unit filename="include/ces/ces.h">
			<Option virtualFolder="Include Files/CES/" />
		</Unit>
		<Unit filename="include/network/IncomingClient.h">
			<Option virtualFolder="Include Files/Network/" />
		</Unit>
		<Unit filename="include/network/OutgoingClient.h">
			<Option virtualFolder="Include Files/Network/" />
		</Unit>
		<Unit filename="include/network/Packet.h">
			<Option virtualFolder="Include Files/Network/" />
		</Unit>
		<Unit filename="include/network/Server.h">
			<Option virtualFolder="Include Files/Network/" />
		</Unit>
		<Unit filename="include/support/Array.hpp">
			<Option virtualFolder="Include Files/Support/" />
		</Unit>
		<Unit filename="include/support/BitStream.h">
			<Option virtualFolder="Include Files/Support/" />
		</Unit>
		<Unit filename="include/support/CommandLineParser.h">
			<Option virtualFolder="Include Files/Support/" />
		</Unit>
		<Unit filename="include/support/EndianUtilities.h">
			<Option virtualFolder="Include Files/Support/" />
		</Unit>
		<Unit filename="include/support/EventManager.h">
			<Option virtualFolder="Include Files/Support/" />
		</Unit>
		<Unit filename="include/support/MapDivision.h">
			<Option virtualFolder="Include Files/Support/" />
		</Unit>
		<Unit filename="include/support/String.h">
			<Option virtualFolder="Include Files/Support/" />
		</Unit>
		<Unit filename="include/tests/BitStream.hpp">
			<Option virtualFolder="Include Files/Tests/" />
		</Unit>
		<Unit filename="include/tests/Tests.h">
			<Option virtualFolder="Include Files/Tests/" />
		</Unit>
		<Unit filename="source/EngineInstance.cpp">
			<Option virtualFolder="Source Code/" />
		</Unit>
		<Unit filename="source/EngineLogging.cpp">
			<Option virtualFolder="Source Code/" />
		</Unit>
		<Unit filename="source/EngineMain.cpp">
			<Option virtualFolder="Source Code/" />
		</Unit>
		<Unit filename="source/EngineTesting.cpp">
			<Option virtualFolder="Source Code/" />
		</Unit>
		<Unit filename="source/ces/ComponentModelRender.cpp">
			<Option virtualFolder="Source Code/CES/" />
		</Unit>
		<Unit filename="source/ces/Entity.cpp">
			<Option virtualFolder="Source Code/CES/" />
		</Unit>
		<Unit filename="source/network/IncomingClient.cpp">
			<Option virtualFolder="Source Code/Network/" />
		</Unit>
		<Unit filename="source/network/OutgoingClient.cpp">
			<Option virtualFolder="Source Code/Network/" />
		</Unit>
		<Unit filename="source/network/Packet.cpp">
			<Option virtualFolder="Source Code/Network/" />
		</Unit>
		<Unit filename="source/network/Server.cpp">
			<Option virtualFolder="Source Code/Network/" />
		</Unit>
		<Unit filename="source/support/BitStream.cpp">
			<Option virtualFolder="Source Code/Support/" />
		</Unit>
		<Unit filename="source/support/CommandLineParser.cpp">
			<Option virtualFolder="Source Code/Support/" />
		</Unit>
		<Unit filename="source/support/EndianUtilities.cpp">
			<Option virtualFolder="Source Code/Support/" />
		</Unit>
		<Unit filename="source/support/EventManager.cpp">
			<Option virtualFolder="Source Code/Support/" />
		</Unit>
		<Unit filename="source/support/MapDivision.cpp">
			<Option virtualFolder="Source Code/Support/" />
		</Unit>
		<Unit filename="source/support/String.cpp">
			<Option virtualFolder="Source Code/Support/" />
		</Unit>
		<Extensions>
			<code_completion />
			<debugger />
		</Extensions>
	</Project>
</CodeBlocks_project_file>
